
Microsoft Visual Studio Solution File, Format Version 12.00
# Visual Studio Version 17
VisualStudioVersion = 17.14.36202.13
MinimumVisualStudioVersion = 10.0.40219.1
Project("{FAE04EC0-301F-11D3-BF4B-00C04F79EFBC}") = "CupsForge", "CupsForge\CupsForge.csproj", "{77103061-1698-4C1B-8A60-91F95098F8F4}"
EndProject
Project("{FAE04EC0-301F-11D3-BF4B-00C04F79EFBC}") = "SelfCheck", "Tests\SelfCheck\SelfCheck.csproj", "{2C9A1B44-7E30-4E5B-9E11-5C1A0D6F8B21}"
EndProject
Global
	GlobalSection(SolutionConfigurationPlatforms) = preSolution
		Debug|Any CPU = Debug|Any CPU
		Release|Any CPU = Release|Any CPU
	EndGlobalSection
	GlobalSection(ProjectConfigurationPlatforms) = postSolution
		{77103061-1698-4C1B-8A60-91F95098F8F4}.Debug|Any CPU.ActiveCfg = Debug|Any CPU
		{77103061-1698-4C1B-8A60-91F95098F8F4}.Debug|Any CPU.Build.0 = Debug|Any CPU
		{77103061-1698-4C1B-8A60-91F95098F8F4}.Release|Any CPU.ActiveCfg = Release|Any CPU
		{77103061-1698-4C1B-8A60-91F95098F8F4}.Release|Any CPU.Build.0 = Release|Any CPU
		{2C9A1B44-7E30-4E5B-9E11-5C1A0D6F8B21}.Debug|Any CPU.ActiveCfg = Debug|Any CPU
		{2C9A1B44-7E30-4E5B-9E11-5C1A0D6F8B21}.Debug|Any CPU.Build.0 = Debug|Any CPU
		{2C9A1B44-7E30-4E5B-9E11-5C1A0D6F8B21}.Release|Any CPU.ActiveCfg = Release|Any CPU
		{2C9A1B44-7E30-4E5B-9E11-5C1A0D6F8B21}.Release|Any CPU.Build.0 = Release|Any CPU
	EndGlobalSection
	GlobalSection(SolutionProperties) = preSolution
		HideSolutionNode = FALSE
	EndGlobalSection
	GlobalSection(ExtensibilityGlobals) = postSolution
		SolutionGuid = {6F948C0C-6AE3-4B44-AF90-639C1E477669}
	EndGlobalSection
EndGlobal
